{
  "name": "workspace",
  "lockfileVersion": 3,
  "requires": true,
  "packages": {
    "": {
      "dependencies": {
        "@material-symbols/svg-300": "^0.45.4"
      }
    },
    "node_modules/@material-symbols/svg-300": {
      "version": "0.45.4",
      "resolved": "https://registry.npmjs.org/@material-symbols/svg-300/-/svg-300-0.45.4.tgz",
      "integrity": "sha512-HkHA5u/k6YTNF+mD7p9cce8xo2yjMFI41TLxz24Q5Hp2l82agM9cdI+Z7f3LaltN7kKRGEKe2rNuYmxEZU5T/g==",
      "license": "Apache-2.0"
    }
  }
}
